$begin 'ConnectionParameters'
	DesktopProcessID=28476
	DesktopProcessPath='C:\\Program Files\\AnsysEM\\v242\\Win64\\ansysedt.exe'
	LaunchedByWB=false
	GRPCPort=50051
	$begin 'DesktopStubBlock'
		$begin 'CommDetails'
			TransportType=1
			IPAddress='130.237.44.7'
			ListenPort='63383'
			IPAddressVector[1: '172.25.150.226']
		$end 'CommDetails'
		$begin 'Marshall'
			InstanceID=503
			ProcID=28476
			InterfaceID=1
			FactoryIntID='DesktopInterfaceForWBProxyStubFactory'
		$end 'Marshall'
	$end 'DesktopStubBlock'
	$begin 'DesktopBackgroundObjStubBlock'
		$begin 'CommDetails'
			TransportType=1
			IPAddress='130.237.44.7'
			ListenPort='63383'
			IPAddressVector[1: '172.25.150.226']
		$end 'CommDetails'
		$begin 'Marshall'
			InstanceID=505
			ProcID=28476
			InterfaceID=2
			FactoryIntID='DesktopInterfaceForWBProxyStubFactory'
		$end 'Marshall'
	$end 'DesktopBackgroundObjStubBlock'
	$begin 'WebClientBlock'
		Url='http://KTH-13271.ug.kth.se:38391/?server=ws://KTH-13271.ug.kth.se:37879&token=a76b08c2-aa11-2825-eca7-1f9a0ab92827&startTab=monitor/graph'
		SecureUrl='https://KTH-13271.ug.kth.se:38647/?server=wss://KTH-13271.ug.kth.se:38135&token=a76b08c2-aa11-2825-eca7-1f9a0ab92827&startTab=monitor/graph'
		WsHost='KTH-13271.ug.kth.se'
		WsPort=37879
		WssPort=38135
		Token='a76b08c2-aa11-2825-eca7-1f9a0ab92827'
	$end 'WebClientBlock'
$end 'ConnectionParameters'
